
Microsoft Visual Studio Solution File, Format Version 12.00
# Visual Studio Version 17
VisualStudioVersion = 17.2.32210.308
MinimumVisualStudioVersion = 10.0.40219.1
Project("{FAE04EC0-301F-11D3-BF4B-00C04F79EFBC}") = "CPW219-CRUD-Troubleshooting", "CPW219-CRUD-Troubleshooting\CPW219-CRUD-Troubleshooting.csproj", "{5358AF1A-8337-402B-94BC-A428EE0DCA67}"
EndProject
Global
	GlobalSection(SolutionConfigurationPlatforms) = preSolution
		Debug|Any CPU = Debug|Any CPU
		Release|Any CPU = Release|Any CPU
	EndGlobalSection
	GlobalSection(ProjectConfigurationPlatforms) = postSolution
		{5358AF1A-8337-402B-94BC-A428EE0DCA67}.Debug|Any CPU.ActiveCfg = Debug|Any CPU
		{5358AF1A-8337-402B-94BC-A428EE0DCA67}.Debug|Any CPU.Build.0 = Debug|Any CPU
		{5358AF1A-8337-402B-94BC-A428EE0DCA67}.Release|Any CPU.ActiveCfg = Release|Any CPU
		{5358AF1A-8337-402B-94BC-A428EE0DCA67}.Release|Any CPU.Build.0 = Release|Any CPU
	EndGlobalSection
	GlobalSection(SolutionProperties) = preSolution
		HideSolutionNode = FALSE
	EndGlobalSection
	GlobalSection(ExtensibilityGlobals) = postSolution
		SolutionGuid = {F6B081ED-5B9B-4ED2-9DE9-EA3731482813}
	EndGlobalSection
EndGlobal
